
Microsoft Visual Studio Solution File, Format Version 12.00
# Visual Studio Version 17
VisualStudioVersion = 17.3.32819.101
MinimumVisualStudioVersion = 10.0.40219.1
Project("{FAE04EC0-301F-11D3-BF4B-00C04F79EFBC}") = "SOLID", "SOLID\SOLID.csproj", "{2CCCB9EE-9547-4723-8F15-10D71AD2297E}"
EndProject
Global
	GlobalSection(SolutionConfigurationPlatforms) = preSolution
		Debug|Any CPU = Debug|Any CPU
		Release|Any CPU = Release|Any CPU
	EndGlobalSection
	GlobalSection(ProjectConfigurationPlatforms) = postSolution
		{2CCCB9EE-9547-4723-8F15-10D71AD2297E}.Debug|Any CPU.ActiveCfg = Debug|Any CPU
		{2CCCB9EE-9547-4723-8F15-10D71AD2297E}.Debug|Any CPU.Build.0 = Debug|Any CPU
		{2CCCB9EE-9547-4723-8F15-10D71AD2297E}.Release|Any CPU.ActiveCfg = Release|Any CPU
		{2CCCB9EE-9547-4723-8F15-10D71AD2297E}.Release|Any CPU.Build.0 = Release|Any CPU
	EndGlobalSection
	GlobalSection(SolutionProperties) = preSolution
		HideSolutionNode = FALSE
	EndGlobalSection
	GlobalSection(ExtensibilityGlobals) = postSolution
		SolutionGuid = {A84BBF6F-DE51-4948-BA5B-4E71A9B81704}
	EndGlobalSection
EndGlobal
